
Microsoft Visual Studio Solution File, Format Version 12.00
# Visual Studio Version 17
VisualStudioVersion = 17.3.32929.385
MinimumVisualStudioVersion = 10.0.40219.1
Project("{FAE04EC0-301F-11D3-BF4B-00C04F79EFBC}") = "PresentationLayer", "PresentationLayer\PresentationLayer.csproj", "{16869E1B-E3E4-4092-B46F-73954E2329DE}"
EndProject
Project("{FAE04EC0-301F-11D3-BF4B-00C04F79EFBC}") = "BusinessLayer", "BusinessLayer\BusinessLayer.csproj", "{0C709714-8A22-4332-AD72-1786AE778A66}"
EndProject
Global
	GlobalSection(SolutionConfigurationPlatforms) = preSolution
		Debug|Any CPU = Debug|Any CPU
		Release|Any CPU = Release|Any CPU
	EndGlobalSection
	GlobalSection(ProjectConfigurationPlatforms) = postSolution
		{16869E1B-E3E4-4092-B46F-73954E2329DE}.Debug|Any CPU.ActiveCfg = Debug|Any CPU
		{16869E1B-E3E4-4092-B46F-73954E2329DE}.Debug|Any CPU.Build.0 = Debug|Any CPU
		{16869E1B-E3E4-4092-B46F-73954E2329DE}.Release|Any CPU.ActiveCfg = Release|Any CPU
		{16869E1B-E3E4-4092-B46F-73954E2329DE}.Release|Any CPU.Build.0 = Release|Any CPU
		{0C709714-8A22-4332-AD72-1786AE778A66}.Debug|Any CPU.ActiveCfg = Debug|Any CPU
		{0C709714-8A22-4332-AD72-1786AE778A66}.Debug|Any CPU.Build.0 = Debug|Any CPU
		{0C709714-8A22-4332-AD72-1786AE778A66}.Release|Any CPU.ActiveCfg = Release|Any CPU
		{0C709714-8A22-4332-AD72-1786AE778A66}.Release|Any CPU.Build.0 = Release|Any CPU
	EndGlobalSection
	GlobalSection(SolutionProperties) = preSolution
		HideSolutionNode = FALSE
	EndGlobalSection
	GlobalSection(ExtensibilityGlobals) = postSolution
		SolutionGuid = {DB61B6D0-7517-485A-B712-DBBAB2689FA8}
	EndGlobalSection
EndGlobal
